{
    "version": "0.5",
    "requires": [
        "zlib/1.2.13#e377bee636333ae348d51ca90874e353%1683667685.481",
        "xz_utils/5.4.2#b6ee8320403def553418874435445982%1688904036.622",
        "xorg/system#de8fc1917bb3d11cf7a1d15eccf79c16%1684452700.644",
        "xkeyboard-config/system#493c19865261899b6633ecb43ce536d6%1673480649.742",
        "xkbcommon/1.4.1#ac268317a1a3ae59d197fcf268996ba5%1684792786.832",
        "xerces-c/3.2.4#4671e88f6dfce5089e314d2be26b1eb3%1685892971.788",
        "wayland/1.21.0#c070265933a9ae40d0ee1af6cd273c4c%1684792823.884",
        "vorbis/1.3.7#d936fd8c850f0c7c4021e24e55e6352c%1684452673.996",
        "ticpp/2.5.3@smartbody#01e0bfd1e1ff6a9a139c2e1a1b2125a6%1688905436.883",
        "stb/cci.20220909#1c47474f095ef8cd9e4959558525b827%1688905871.704",
        "sdl/2.26.5#e034848d4c66df2eaf93675c43f0505f%1688904012.855",
        "recastnavigation/cci.20200511#883f62a083cc992a76c4355248d02be3%1673819398.377",
        "pulseaudio/14.2#f1ea3b84bb30028d066e9311b9ce7a31%1684452658.112",
        "protobuf/3.21.9#515ceb0a1653cf84363d9968b812d6be%1688905856.653",
        "polyvox/0.2.1@smartbody#1df75ba48b3beb5f86f448d04a86f019%1688905425.706",
        "opus/1.3.1#9215b71ae0360515fffc660a7b153ddd%1684589997.374",
        "openssl/3.1.1#3a25e05b364f335633143656dc265841%1685781588.609",
        "opengl/system#b29589c04d6df84c110d6acb066ab653%1684452651.891",
        "openal/1.22.2#5f082be6e0d8648f2ca87e88d803b7ea%1688903988.252",
        "ogre/13.4.2@smartbody#cccd2c121bc048fbe64fd144a518246c%1688905397.144",
        "ogg/1.3.5#062626875f5c8c59f069f76f148098ef%1676583268.533",
        "ode/0.16.2#d4a224c87399cfa82dc9f636382060c3%1688905840.819",
        "nanoflann/1.3.2#714b855e326cebfcd1daa897f53bf012%1673819389.448",
        "minizip/1.2.13#557fa1fbd7908b3d0205a8b780de4de3%1688905828.653",
        "m4/1.4.19#c1c4b1ee919e34630bb9b50046253d3c%1681251366.777",
        "libxml2/2.10.4#2476dbb81bc7d99dfeca54691dededc6%1684452623.477",
        "libuuid/1.0.3#2e37af640b92a1ff5b38e6107bf750d8%1684586394.44",
        "libunwind/1.6.2#fd89fd4e53ce3f8804ab4b84ced34c9e%1688903961.833",
        "libtool/2.4.7#d55a3c2435c19e830fa77aa5c6c19350%1681251352.31",
        "libsndfile/1.2.0#08e03ccb60b85165a0d4e8a6f0bd8737%1684452606.917",
        "libpng/1.6.40#3b63a2aa000933a57a53322207790714%1688903953.181",
        "libjpeg/9c#17bc3edf943c967fd8755696cbf62914%1688903945.202",
        "libiconv/1.17#fa54397801cd96911a8294bc5fc76335%1676583254.726",
        "libffi/3.4.4#35eb63842b505824b70aedc1baefc916%1684452592.607",
        "libcap/2.66#0ac291aa98856fc46038c7e1a2a13a6d%1684452587.162",
        "libbacktrace/cci.20210118#ec1aa63bbc10145c6a299e68e711670c%1676583250.363",
        "libalsa/1.2.7.2#a309f03299c0b19b0d39c81ec4b93f5f%1684452581.466",
        "glu/system#ee50fc2ade0e1c0c8ebb3be3ea60e0f5%1688903936.018",
        "glm/0.9.9.8#1d8338bca69edbd57cdfff36c06f4729%1688905820.964",
        "glew/2.1.0#c888a78ec75b8f357fa79039565c6e7a%1673819378.108",
        "freetype/2.13.0#713c0b5ff4615ef0611944400cee0e4c%1688903923.355",
        "fontconfig/2.14.2#fc99923d784f769eeb250ffc23edc654%1688903916.001",
        "fltk/1.3.8@smartbody#3d3f3e7574f8e001925db4340efecbd0%1688905380.049",
        "flac/1.4.2#5f7bfc8579a458e0a8bc36595c48106f%1676583246.079",
        "expat/2.5.0#91e43e4544923e4c934bfad1fa4306f9%1685487051.619",
        "eigen/3.3.9#a1c8302ddcf95a8b79d437eb59f5491d%1688905806.953",
        "egl/system#068ac3037d8cf01f768d0e001e6dcd76%1684452569.0",
        "bzip2/1.0.8#411fc05e80d47a89045edc1ee6f23c1d%1680727382.062",
        "brotli/1.0.9#ffbecf553112bc3e25a08c91c28b8b68%1676583239.682",
        "boost/1.81.0#9bd7ae86a881631b6cc76590621e470b%1683670323.264",
        "automake/1.16.5#058bda3e21c36c9aa8425daf3c1faf50%1688481772.751",
        "autoconf/2.71#ce232afdcd21d1269419c355375731e6%1688493320.427",
        "apr/1.7.0#ff8dabcd8397a23a3fbbd6a0dd754d83%1688903890.234",
        "alut/1.1.0@smartbody#23e213fd812aa64a9ffd7294386338e0%1688905372.93",
        "activemq-cpp/3.9.5@smartbody#1e25e2027bbed20663ec26bff2d3fc3a%1688905344.211"
    ],
    "build_requires": [
        "zlib/1.2.13#e377bee636333ae348d51ca90874e353%1683667685.481",
        "wayland-protocols/1.31#d31e1b9abe504703681bfab0f5018c78%1688904025.571",
        "wayland/1.21.0#c070265933a9ae40d0ee1af6cd273c4c%1684792823.884",
        "pkgconf/1.9.3#5da3944c3226f5764374e4b8b4e1d055%1688903998.726",
        "ninja/1.11.1#77587f8c8318662ac8e5a7867eb4be21%1684589994.871",
        "meson/1.1.1#9d52de5791d944537595bec6b0ca4251%1688903976.93",
        "meson/1.1.0#6176e4f21370f5820c27da02836c32c9%1684452635.185",
        "meson/1.0.0#15586c0ac6f682805875ef903dbe7ee2%1681251371.724",
        "m4/1.4.19#c1c4b1ee919e34630bb9b50046253d3c%1681251366.777",
        "libxml2/2.11.4#0bf4a1077299f970dce106e1a98d2cf9%1684792821.763",
        "libtool/2.4.7#d55a3c2435c19e830fa77aa5c6c19350%1681251352.31",
        "libiconv/1.17#fa54397801cd96911a8294bc5fc76335%1676583254.726",
        "libffi/3.4.4#35eb63842b505824b70aedc1baefc916%1684452592.607",
        "gperf/3.1#a9335f8833b550f10f655fd243c72978%1688903940.617",
        "gnu-config/cci.20210814#15c3bf7dfdb743977b84d0321534ad90%1684586390.175",
        "gettext/0.21#dce43b2d9d4d3ef6236024a27de9eb75%1684452578.16",
        "flex/2.6.4#e35bc44b3fcbcd661e0af0dc5b5b1ad4%1676583295.84",
        "expat/2.5.0#91e43e4544923e4c934bfad1fa4306f9%1685487051.619",
        "bison/3.8.2#ed1ba0c42d2ab7ab64fc3a62e9ecc673%1688903898.325",
        "b2/4.9.6#2e02945ad41739b8051247d14fe8297d%1683670320.11",
        "automake/1.16.5#058bda3e21c36c9aa8425daf3c1faf50%1688481772.751",
        "autoconf/2.71#ce232afdcd21d1269419c355375731e6%1688493320.427"
    ],
    "python_requires": [],
    "overrides": {
        "openssl/3.1.1": [
            "openssl/3.1.1"
        ],
        "openssl/[>=1.1 <4]": [
            "openssl/3.1.1#3a25e05b364f335633143656dc265841"
        ],
        "libxml2/2.11.4": [
            "libxml2/2.10.4",
            null
        ]
    }
}