// !$*UTF8*$!
{
	archiveVersion = 1;
	classes = {
	};
	objectVersion = 46;
	objects = {

/* Begin PBXBuildFile section */
		AA24746C1419631B0068B5F8 /* Foundation.framework in Frameworks */ = {isa = PBXBuildFile; fileRef = AA24746B1419631B0068B5F8 /* Foundation.framework */; };
		AA9CCF8E141ED6030064C27A /* AgentMetricsCollector.cpp in Sources */ = {isa = PBXBuildFile; fileRef = AA9CCF6E141ED6030064C27A /* AgentMetricsCollector.cpp */; };
		AA9CCF8F141ED6030064C27A /* BenchmarkEngine.cpp in Sources */ = {isa = PBXBuildFile; fileRef = AA9CCF6F141ED6030064C27A /* BenchmarkEngine.cpp */; };
		AA9CCF90141ED6030064C27A /* BoxObstacle.cpp in Sources */ = {isa = PBXBuildFile; fileRef = AA9CCF70141ED6030064C27A /* BoxObstacle.cpp */; };
		AA9CCF91141ED6030064C27A /* Camera.cpp in Sources */ = {isa = PBXBuildFile; fileRef = AA9CCF71141ED6030064C27A /* Camera.cpp */; };
		AA9CCF92141ED6030064C27A /* CircleObstacle.cpp in Sources */ = {isa = PBXBuildFile; fileRef = AA9CCF72141ED6030064C27A /* CircleObstacle.cpp */; };
		AA9CCF93141ED6030064C27A /* Clock.cpp in Sources */ = {isa = PBXBuildFile; fileRef = AA9CCF73141ED6030064C27A /* Clock.cpp */; };
		AA9CCF94141ED6030064C27A /* CommandLineParser.cpp in Sources */ = {isa = PBXBuildFile; fileRef = AA9CCF74141ED6030064C27A /* CommandLineParser.cpp */; };
		AA9CCF95141ED6030064C27A /* CompositeTechnique01.cpp in Sources */ = {isa = PBXBuildFile; fileRef = AA9CCF75141ED6030064C27A /* CompositeTechnique01.cpp */; };
		AA9CCF96141ED6030064C27A /* CompositeTechnique02.cpp in Sources */ = {isa = PBXBuildFile; fileRef = AA9CCF76141ED6030064C27A /* CompositeTechnique02.cpp */; };
		AA9CCF97141ED6030064C27A /* DrawLib.cpp in Sources */ = {isa = PBXBuildFile; fileRef = AA9CCF77141ED6030064C27A /* DrawLib.cpp */; };
		AA9CCF98141ED6030064C27A /* DynamicLibrary.cpp in Sources */ = {isa = PBXBuildFile; fileRef = AA9CCF78141ED6030064C27A /* DynamicLibrary.cpp */; };
		AA9CCF99141ED6030064C27A /* GridDatabase2D.cpp in Sources */ = {isa = PBXBuildFile; fileRef = AA9CCF79141ED6030064C27A /* GridDatabase2D.cpp */; };
		AA9CCF9A141ED6030064C27A /* HighResCounter.cpp in Sources */ = {isa = PBXBuildFile; fileRef = AA9CCF7A141ED6030064C27A /* HighResCounter.cpp */; };
		AA9CCF9B141ED6030064C27A /* MemoryMapper.cpp in Sources */ = {isa = PBXBuildFile; fileRef = AA9CCF7B141ED6030064C27A /* MemoryMapper.cpp */; };
		AA9CCF9C141ED6030064C27A /* Misc.cpp in Sources */ = {isa = PBXBuildFile; fileRef = AA9CCF7C141ED6030064C27A /* Misc.cpp */; };
		AA9CCF9D141ED6030064C27A /* OrientedBoxObstacle.cpp in Sources */ = {isa = PBXBuildFile; fileRef = AA9CCF7D141ED6030064C27A /* OrientedBoxObstacle.cpp */; };
		AA9CCF9E141ED6030064C27A /* PerformanceProfiler.cpp in Sources */ = {isa = PBXBuildFile; fileRef = AA9CCF7E141ED6030064C27A /* PerformanceProfiler.cpp */; };
		AA9CCF9F141ED6030064C27A /* RecFilePlayerModule.cpp in Sources */ = {isa = PBXBuildFile; fileRef = AA9CCF7F141ED6030064C27A /* RecFilePlayerModule.cpp */; };
		AA9CCFA0141ED6030064C27A /* RecFileReader.cpp in Sources */ = {isa = PBXBuildFile; fileRef = AA9CCF80141ED6030064C27A /* RecFileReader.cpp */; };
		AA9CCFA1141ED6030064C27A /* RecFileWriter.cpp in Sources */ = {isa = PBXBuildFile; fileRef = AA9CCF81141ED6030064C27A /* RecFileWriter.cpp */; };
		AA9CCFA2141ED6030064C27A /* SimulationEngine.cpp in Sources */ = {isa = PBXBuildFile; fileRef = AA9CCF82141ED6030064C27A /* SimulationEngine.cpp */; };
		AA9CCFA3141ED6030064C27A /* SimulationMetricsCollector.cpp in Sources */ = {isa = PBXBuildFile; fileRef = AA9CCF83141ED6030064C27A /* SimulationMetricsCollector.cpp */; };
		AA9CCFA4141ED6030064C27A /* SimulationOptions.cpp in Sources */ = {isa = PBXBuildFile; fileRef = AA9CCF84141ED6030064C27A /* SimulationOptions.cpp */; };
		AA9CCFA5141ED6030064C27A /* SimulationRecorderModule.cpp in Sources */ = {isa = PBXBuildFile; fileRef = AA9CCF85141ED6030064C27A /* SimulationRecorderModule.cpp */; };
		AA9CCFA6141ED6030064C27A /* StateMachine.cpp in Sources */ = {isa = PBXBuildFile; fileRef = AA9CCF86141ED6030064C27A /* StateMachine.cpp */; };
		AA9CCFA7141ED6030064C27A /* SteeringCommand.cpp in Sources */ = {isa = PBXBuildFile; fileRef = AA9CCF87141ED6030064C27A /* SteeringCommand.cpp */; };
		AA9CCFA8141ED6030064C27A /* TestCasePlayerModule.cpp in Sources */ = {isa = PBXBuildFile; fileRef = AA9CCF88141ED6030064C27A /* TestCasePlayerModule.cpp */; };
		AA9CCFA9141ED6030064C27A /* TestCaseReader.cpp in Sources */ = {isa = PBXBuildFile; fileRef = AA9CCF89141ED6030064C27A /* TestCaseReader.cpp */; };
		AA9CCFAA141ED6030064C27A /* TestCaseReaderPrivate.cpp in Sources */ = {isa = PBXBuildFile; fileRef = AA9CCF8A141ED6030064C27A /* TestCaseReaderPrivate.cpp */; };
		AA9CCFAB141ED6030064C27A /* TestCaseWriter.cpp in Sources */ = {isa = PBXBuildFile; fileRef = AA9CCF8B141ED6030064C27A /* TestCaseWriter.cpp */; };
		AA9CCFAC141ED6030064C27A /* ThreadedTaskManager.cpp in Sources */ = {isa = PBXBuildFile; fileRef = AA9CCF8C141ED6030064C27A /* ThreadedTaskManager.cpp */; };
		AA9CCFAD141ED6030064C27A /* XMLParser.cpp in Sources */ = {isa = PBXBuildFile; fileRef = AA9CCF8D141ED6030064C27A /* XMLParser.cpp */; };
		AAC9AD6114201AD000F56F9C /* ticpp.cpp in Sources */ = {isa = PBXBuildFile; fileRef = AAC9AD5814201AD000F56F9C /* ticpp.cpp */; };
		AAC9AD6414201AD000F56F9C /* tinystr.cpp in Sources */ = {isa = PBXBuildFile; fileRef = AAC9AD5B14201AD000F56F9C /* tinystr.cpp */; };
		AAC9AD6614201AD000F56F9C /* tinyxml.cpp in Sources */ = {isa = PBXBuildFile; fileRef = AAC9AD5D14201AD000F56F9C /* tinyxml.cpp */; };
		AAC9AD6814201AD000F56F9C /* tinyxmlerror.cpp in Sources */ = {isa = PBXBuildFile; fileRef = AAC9AD5F14201AD000F56F9C /* tinyxmlerror.cpp */; };
		AAC9AD6914201AD000F56F9C /* tinyxmlparser.cpp in Sources */ = {isa = PBXBuildFile; fileRef = AAC9AD6014201AD000F56F9C /* tinyxmlparser.cpp */; };
/* End PBXBuildFile section */

/* Begin PBXFileReference section */
		AA2474681419631B0068B5F8 /* libSteerLib.a */ = {isa = PBXFileReference; explicitFileType = archive.ar; includeInIndex = 0; path = libSteerLib.a; sourceTree = BUILT_PRODUCTS_DIR; };
		AA24746B1419631B0068B5F8 /* Foundation.framework */ = {isa = PBXFileReference; lastKnownFileType = wrapper.framework; name = Foundation.framework; path = System/Library/Frameworks/Foundation.framework; sourceTree = SDKROOT; };
		AA24746F1419631B0068B5F8 /* SteerLib-Prefix.pch */ = {isa = PBXFileReference; lastKnownFileType = sourcecode.c.h; path = "SteerLib-Prefix.pch"; sourceTree = "<group>"; };
		AA9CCF6E141ED6030064C27A /* AgentMetricsCollector.cpp */ = {isa = PBXFileReference; fileEncoding = 4; lastKnownFileType = sourcecode.cpp.cpp; path = AgentMetricsCollector.cpp; sourceTree = "<group>"; };
		AA9CCF6F141ED6030064C27A /* BenchmarkEngine.cpp */ = {isa = PBXFileReference; fileEncoding = 4; lastKnownFileType = sourcecode.cpp.cpp; path = BenchmarkEngine.cpp; sourceTree = "<group>"; };
		AA9CCF70141ED6030064C27A /* BoxObstacle.cpp */ = {isa = PBXFileReference; fileEncoding = 4; lastKnownFileType = sourcecode.cpp.cpp; path = BoxObstacle.cpp; sourceTree = "<group>"; };
		AA9CCF71141ED6030064C27A /* Camera.cpp */ = {isa = PBXFileReference; fileEncoding = 4; lastKnownFileType = sourcecode.cpp.cpp; path = Camera.cpp; sourceTree = "<group>"; };
		AA9CCF72141ED6030064C27A /* CircleObstacle.cpp */ = {isa = PBXFileReference; fileEncoding = 4; lastKnownFileType = sourcecode.cpp.cpp; path = CircleObstacle.cpp; sourceTree = "<group>"; };
		AA9CCF73141ED6030064C27A /* Clock.cpp */ = {isa = PBXFileReference; fileEncoding = 4; lastKnownFileType = sourcecode.cpp.cpp; path = Clock.cpp; sourceTree = "<group>"; };
		AA9CCF74141ED6030064C27A /* CommandLineParser.cpp */ = {isa = PBXFileReference; fileEncoding = 4; lastKnownFileType = sourcecode.cpp.cpp; path = CommandLineParser.cpp; sourceTree = "<group>"; };
		AA9CCF75141ED6030064C27A /* CompositeTechnique01.cpp */ = {isa = PBXFileReference; fileEncoding = 4; lastKnownFileType = sourcecode.cpp.cpp; path = CompositeTechnique01.cpp; sourceTree = "<group>"; };
		AA9CCF76141ED6030064C27A /* CompositeTechnique02.cpp */ = {isa = PBXFileReference; fileEncoding = 4; lastKnownFileType = sourcecode.cpp.cpp; path = CompositeTechnique02.cpp; sourceTree = "<group>"; };
		AA9CCF77141ED6030064C27A /* DrawLib.cpp */ = {isa = PBXFileReference; fileEncoding = 4; lastKnownFileType = sourcecode.cpp.cpp; path = DrawLib.cpp; sourceTree = "<group>"; };
		AA9CCF78141ED6030064C27A /* DynamicLibrary.cpp */ = {isa = PBXFileReference; fileEncoding = 4; lastKnownFileType = sourcecode.cpp.cpp; path = DynamicLibrary.cpp; sourceTree = "<group>"; };
		AA9CCF79141ED6030064C27A /* GridDatabase2D.cpp */ = {isa = PBXFileReference; fileEncoding = 4; lastKnownFileType = sourcecode.cpp.cpp; path = GridDatabase2D.cpp; sourceTree = "<group>"; };
		AA9CCF7A141ED6030064C27A /* HighResCounter.cpp */ = {isa = PBXFileReference; fileEncoding = 4; lastKnownFileType = sourcecode.cpp.cpp; path = HighResCounter.cpp; sourceTree = "<group>"; };
		AA9CCF7B141ED6030064C27A /* MemoryMapper.cpp */ = {isa = PBXFileReference; fileEncoding = 4; lastKnownFileType = sourcecode.cpp.cpp; path = MemoryMapper.cpp; sourceTree = "<group>"; };
		AA9CCF7C141ED6030064C27A /* Misc.cpp */ = {isa = PBXFileReference; fileEncoding = 4; lastKnownFileType = sourcecode.cpp.cpp; path = Misc.cpp; sourceTree = "<group>"; };
		AA9CCF7D141ED6030064C27A /* OrientedBoxObstacle.cpp */ = {isa = PBXFileReference; fileEncoding = 4; lastKnownFileType = sourcecode.cpp.cpp; path = OrientedBoxObstacle.cpp; sourceTree = "<group>"; };
		AA9CCF7E141ED6030064C27A /* PerformanceProfiler.cpp */ = {isa = PBXFileReference; fileEncoding = 4; lastKnownFileType = sourcecode.cpp.cpp; path = PerformanceProfiler.cpp; sourceTree = "<group>"; };
		AA9CCF7F141ED6030064C27A /* RecFilePlayerModule.cpp */ = {isa = PBXFileReference; fileEncoding = 4; lastKnownFileType = sourcecode.cpp.cpp; path = RecFilePlayerModule.cpp; sourceTree = "<group>"; };
		AA9CCF80141ED6030064C27A /* RecFileReader.cpp */ = {isa = PBXFileReference; fileEncoding = 4; lastKnownFileType = sourcecode.cpp.cpp; path = RecFileReader.cpp; sourceTree = "<group>"; };
		AA9CCF81141ED6030064C27A /* RecFileWriter.cpp */ = {isa = PBXFileReference; fileEncoding = 4; lastKnownFileType = sourcecode.cpp.cpp; path = RecFileWriter.cpp; sourceTree = "<group>"; };
		AA9CCF82141ED6030064C27A /* SimulationEngine.cpp */ = {isa = PBXFileReference; fileEncoding = 4; lastKnownFileType = sourcecode.cpp.cpp; path = SimulationEngine.cpp; sourceTree = "<group>"; };
		AA9CCF83141ED6030064C27A /* SimulationMetricsCollector.cpp */ = {isa = PBXFileReference; fileEncoding = 4; lastKnownFileType = sourcecode.cpp.cpp; path = SimulationMetricsCollector.cpp; sourceTree = "<group>"; };
		AA9CCF84141ED6030064C27A /* SimulationOptions.cpp */ = {isa = PBXFileReference; fileEncoding = 4; lastKnownFileType = sourcecode.cpp.cpp; path = SimulationOptions.cpp; sourceTree = "<group>"; };
		AA9CCF85141ED6030064C27A /* SimulationRecorderModule.cpp */ = {isa = PBXFileReference; fileEncoding = 4; lastKnownFileType = sourcecode.cpp.cpp; path = SimulationRecorderModule.cpp; sourceTree = "<group>"; };
		AA9CCF86141ED6030064C27A /* StateMachine.cpp */ = {isa = PBXFileReference; fileEncoding = 4; lastKnownFileType = sourcecode.cpp.cpp; path = StateMachine.cpp; sourceTree = "<group>"; };
		AA9CCF87141ED6030064C27A /* SteeringCommand.cpp */ = {isa = PBXFileReference; fileEncoding = 4; lastKnownFileType = sourcecode.cpp.cpp; path = SteeringCommand.cpp; sourceTree = "<group>"; };
		AA9CCF88141ED6030064C27A /* TestCasePlayerModule.cpp */ = {isa = PBXFileReference; fileEncoding = 4; lastKnownFileType = sourcecode.cpp.cpp; path = TestCasePlayerModule.cpp; sourceTree = "<group>"; };
		AA9CCF89141ED6030064C27A /* TestCaseReader.cpp */ = {isa = PBXFileReference; fileEncoding = 4; lastKnownFileType = sourcecode.cpp.cpp; path = TestCaseReader.cpp; sourceTree = "<group>"; };
		AA9CCF8A141ED6030064C27A /* TestCaseReaderPrivate.cpp */ = {isa = PBXFileReference; fileEncoding = 4; lastKnownFileType = sourcecode.cpp.cpp; path = TestCaseReaderPrivate.cpp; sourceTree = "<group>"; };
		AA9CCF8B141ED6030064C27A /* TestCaseWriter.cpp */ = {isa = PBXFileReference; fileEncoding = 4; lastKnownFileType = sourcecode.cpp.cpp; path = TestCaseWriter.cpp; sourceTree = "<group>"; };
		AA9CCF8C141ED6030064C27A /* ThreadedTaskManager.cpp */ = {isa = PBXFileReference; fileEncoding = 4; lastKnownFileType = sourcecode.cpp.cpp; path = ThreadedTaskManager.cpp; sourceTree = "<group>"; };
		AA9CCF8D141ED6030064C27A /* XMLParser.cpp */ = {isa = PBXFileReference; fileEncoding = 4; lastKnownFileType = sourcecode.cpp.cpp; path = XMLParser.cpp; sourceTree = "<group>"; };
		AAC9AD5814201AD000F56F9C /* ticpp.cpp */ = {isa = PBXFileReference; fileEncoding = 4; lastKnownFileType = sourcecode.cpp.cpp; path = ticpp.cpp; sourceTree = "<group>"; };
		AAC9AD5B14201AD000F56F9C /* tinystr.cpp */ = {isa = PBXFileReference; fileEncoding = 4; lastKnownFileType = sourcecode.cpp.cpp; path = tinystr.cpp; sourceTree = "<group>"; };
		AAC9AD5D14201AD000F56F9C /* tinyxml.cpp */ = {isa = PBXFileReference; fileEncoding = 4; lastKnownFileType = sourcecode.cpp.cpp; path = tinyxml.cpp; sourceTree = "<group>"; };
		AAC9AD5F14201AD000F56F9C /* tinyxmlerror.cpp */ = {isa = PBXFileReference; fileEncoding = 4; lastKnownFileType = sourcecode.cpp.cpp; path = tinyxmlerror.cpp; sourceTree = "<group>"; };
		AAC9AD6014201AD000F56F9C /* tinyxmlparser.cpp */ = {isa = PBXFileReference; fileEncoding = 4; lastKnownFileType = sourcecode.cpp.cpp; path = tinyxmlparser.cpp; sourceTree = "<group>"; };
/* End PBXFileReference section */

/* Begin PBXFrameworksBuildPhase section */
		AA2474651419631B0068B5F8 /* Frameworks */ = {
			isa = PBXFrameworksBuildPhase;
			buildActionMask = 2147483647;
			files = (
				AA24746C1419631B0068B5F8 /* Foundation.framework in Frameworks */,
			);
			runOnlyForDeploymentPostprocessing = 0;
		};
/* End PBXFrameworksBuildPhase section */

/* Begin PBXGroup section */
		AA24745D1419631B0068B5F8 = {
			isa = PBXGroup;
			children = (
				AA24746D1419631B0068B5F8 /* SteerLib */,
				AA24746A1419631B0068B5F8 /* Frameworks */,
				AA2474691419631B0068B5F8 /* Products */,
			);
			sourceTree = "<group>";
		};
		AA2474691419631B0068B5F8 /* Products */ = {
			isa = PBXGroup;
			children = (
				AA2474681419631B0068B5F8 /* libSteerLib.a */,
			);
			name = Products;
			sourceTree = "<group>";
		};
		AA24746A1419631B0068B5F8 /* Frameworks */ = {
			isa = PBXGroup;
			children = (
				AA24746B1419631B0068B5F8 /* Foundation.framework */,
			);
			name = Frameworks;
			sourceTree = "<group>";
		};
		AA24746D1419631B0068B5F8 /* SteerLib */ = {
			isa = PBXGroup;
			children = (
				AAC9AD5514201AD000F56F9C /* tinyxml */,
				AA9CCF6D141ED6030064C27A /* src */,
				AA24746E1419631B0068B5F8 /* Supporting Files */,
			);
			path = SteerLib;
			sourceTree = "<group>";
		};
		AA24746E1419631B0068B5F8 /* Supporting Files */ = {
			isa = PBXGroup;
			children = (
				AA24746F1419631B0068B5F8 /* SteerLib-Prefix.pch */,
			);
			name = "Supporting Files";
			sourceTree = "<group>";
		};
		AA9CCF6D141ED6030064C27A /* src */ = {
			isa = PBXGroup;
			children = (
				AA9CCF6E141ED6030064C27A /* AgentMetricsCollector.cpp */,
				AA9CCF6F141ED6030064C27A /* BenchmarkEngine.cpp */,
				AA9CCF70141ED6030064C27A /* BoxObstacle.cpp */,
				AA9CCF71141ED6030064C27A /* Camera.cpp */,
				AA9CCF72141ED6030064C27A /* CircleObstacle.cpp */,
				AA9CCF73141ED6030064C27A /* Clock.cpp */,
				AA9CCF74141ED6030064C27A /* CommandLineParser.cpp */,
				AA9CCF75141ED6030064C27A /* CompositeTechnique01.cpp */,
				AA9CCF76141ED6030064C27A /* CompositeTechnique02.cpp */,
				AA9CCF77141ED6030064C27A /* DrawLib.cpp */,
				AA9CCF78141ED6030064C27A /* DynamicLibrary.cpp */,
				AA9CCF79141ED6030064C27A /* GridDatabase2D.cpp */,
				AA9CCF7A141ED6030064C27A /* HighResCounter.cpp */,
				AA9CCF7B141ED6030064C27A /* MemoryMapper.cpp */,
				AA9CCF7C141ED6030064C27A /* Misc.cpp */,
				AA9CCF7D141ED6030064C27A /* OrientedBoxObstacle.cpp */,
				AA9CCF7E141ED6030064C27A /* PerformanceProfiler.cpp */,
				AA9CCF7F141ED6030064C27A /* RecFilePlayerModule.cpp */,
				AA9CCF80141ED6030064C27A /* RecFileReader.cpp */,
				AA9CCF81141ED6030064C27A /* RecFileWriter.cpp */,
				AA9CCF82141ED6030064C27A /* SimulationEngine.cpp */,
				AA9CCF83141ED6030064C27A /* SimulationMetricsCollector.cpp */,
				AA9CCF84141ED6030064C27A /* SimulationOptions.cpp */,
				AA9CCF85141ED6030064C27A /* SimulationRecorderModule.cpp */,
				AA9CCF86141ED6030064C27A /* StateMachine.cpp */,
				AA9CCF87141ED6030064C27A /* SteeringCommand.cpp */,
				AA9CCF88141ED6030064C27A /* TestCasePlayerModule.cpp */,
				AA9CCF89141ED6030064C27A /* TestCaseReader.cpp */,
				AA9CCF8A141ED6030064C27A /* TestCaseReaderPrivate.cpp */,
				AA9CCF8B141ED6030064C27A /* TestCaseWriter.cpp */,
				AA9CCF8C141ED6030064C27A /* ThreadedTaskManager.cpp */,
				AA9CCF8D141ED6030064C27A /* XMLParser.cpp */,
			);
			name = src;
			path = "../../../../core/smartbody/steersuite-1.3/steerlib/src";
			sourceTree = "<group>";
		};
		AAC9AD5514201AD000F56F9C /* tinyxml */ = {
			isa = PBXGroup;
			children = (
				AAC9AD5814201AD000F56F9C /* ticpp.cpp */,
				AAC9AD5B14201AD000F56F9C /* tinystr.cpp */,
				AAC9AD5D14201AD000F56F9C /* tinyxml.cpp */,
				AAC9AD5F14201AD000F56F9C /* tinyxmlerror.cpp */,
				AAC9AD6014201AD000F56F9C /* tinyxmlparser.cpp */,
			);
			name = tinyxml;
			path = "../../../../core/smartbody/steersuite-1.3/external/tinyxml";
			sourceTree = "<group>";
		};
/* End PBXGroup section */

/* Begin PBXHeadersBuildPhase section */
		AA2474661419631B0068B5F8 /* Headers */ = {
			isa = PBXHeadersBuildPhase;
			buildActionMask = 2147483647;
			files = (
			);
			runOnlyForDeploymentPostprocessing = 0;
		};
/* End PBXHeadersBuildPhase section */

/* Begin PBXNativeTarget section */
		AA2474671419631B0068B5F8 /* SteerLib */ = {
			isa = PBXNativeTarget;
			buildConfigurationList = AA2474721419631B0068B5F8 /* Build configuration list for PBXNativeTarget "SteerLib" */;
			buildPhases = (
				AA2474641419631B0068B5F8 /* Sources */,
				AA2474651419631B0068B5F8 /* Frameworks */,
				AA2474661419631B0068B5F8 /* Headers */,
			);
			buildRules = (
			);
			dependencies = (
			);
			name = SteerLib;
			productName = SteerLib;
			productReference = AA2474681419631B0068B5F8 /* libSteerLib.a */;
			productType = "com.apple.product-type.library.static";
		};
/* End PBXNativeTarget section */

/* Begin PBXProject section */
		AA24745F1419631B0068B5F8 /* Project object */ = {
			isa = PBXProject;
			attributes = {
			};
			buildConfigurationList = AA2474621419631B0068B5F8 /* Build configuration list for PBXProject "SteerLib" */;
			compatibilityVersion = "Xcode 3.2";
			developmentRegion = English;
			hasScannedForEncodings = 0;
			knownRegions = (
				en,
			);
			mainGroup = AA24745D1419631B0068B5F8;
			productRefGroup = AA2474691419631B0068B5F8 /* Products */;
			projectDirPath = "";
			projectRoot = "";
			targets = (
				AA2474671419631B0068B5F8 /* SteerLib */,
			);
		};
/* End PBXProject section */

/* Begin PBXSourcesBuildPhase section */
		AA2474641419631B0068B5F8 /* Sources */ = {
			isa = PBXSourcesBuildPhase;
			buildActionMask = 2147483647;
			files = (
				AA9CCF8E141ED6030064C27A /* AgentMetricsCollector.cpp in Sources */,
				AA9CCF8F141ED6030064C27A /* BenchmarkEngine.cpp in Sources */,
				AA9CCF90141ED6030064C27A /* BoxObstacle.cpp in Sources */,
				AA9CCF91141ED6030064C27A /* Camera.cpp in Sources */,
				AA9CCF92141ED6030064C27A /* CircleObstacle.cpp in Sources */,
				AA9CCF93141ED6030064C27A /* Clock.cpp in Sources */,
				AA9CCF94141ED6030064C27A /* CommandLineParser.cpp in Sources */,
				AA9CCF95141ED6030064C27A /* CompositeTechnique01.cpp in Sources */,
				AA9CCF96141ED6030064C27A /* CompositeTechnique02.cpp in Sources */,
				AA9CCF97141ED6030064C27A /* DrawLib.cpp in Sources */,
				AA9CCF98141ED6030064C27A /* DynamicLibrary.cpp in Sources */,
				AA9CCF99141ED6030064C27A /* GridDatabase2D.cpp in Sources */,
				AA9CCF9A141ED6030064C27A /* HighResCounter.cpp in Sources */,
				AA9CCF9B141ED6030064C27A /* MemoryMapper.cpp in Sources */,
				AA9CCF9C141ED6030064C27A /* Misc.cpp in Sources */,
				AA9CCF9D141ED6030064C27A /* OrientedBoxObstacle.cpp in Sources */,
				AA9CCF9E141ED6030064C27A /* PerformanceProfiler.cpp in Sources */,
				AA9CCF9F141ED6030064C27A /* RecFilePlayerModule.cpp in Sources */,
				AA9CCFA0141ED6030064C27A /* RecFileReader.cpp in Sources */,
				AA9CCFA1141ED6030064C27A /* RecFileWriter.cpp in Sources */,
				AA9CCFA2141ED6030064C27A /* SimulationEngine.cpp in Sources */,
				AA9CCFA3141ED6030064C27A /* SimulationMetricsCollector.cpp in Sources */,
				AA9CCFA4141ED6030064C27A /* SimulationOptions.cpp in Sources */,
				AA9CCFA5141ED6030064C27A /* SimulationRecorderModule.cpp in Sources */,
				AA9CCFA6141ED6030064C27A /* StateMachine.cpp in Sources */,
				AA9CCFA7141ED6030064C27A /* SteeringCommand.cpp in Sources */,
				AA9CCFA8141ED6030064C27A /* TestCasePlayerModule.cpp in Sources */,
				AA9CCFA9141ED6030064C27A /* TestCaseReader.cpp in Sources */,
				AA9CCFAA141ED6030064C27A /* TestCaseReaderPrivate.cpp in Sources */,
				AA9CCFAB141ED6030064C27A /* TestCaseWriter.cpp in Sources */,
				AA9CCFAC141ED6030064C27A /* ThreadedTaskManager.cpp in Sources */,
				AA9CCFAD141ED6030064C27A /* XMLParser.cpp in Sources */,
				AAC9AD6114201AD000F56F9C /* ticpp.cpp in Sources */,
				AAC9AD6414201AD000F56F9C /* tinystr.cpp in Sources */,
				AAC9AD6614201AD000F56F9C /* tinyxml.cpp in Sources */,
				AAC9AD6814201AD000F56F9C /* tinyxmlerror.cpp in Sources */,
				AAC9AD6914201AD000F56F9C /* tinyxmlparser.cpp in Sources */,
			);
			runOnlyForDeploymentPostprocessing = 0;
		};
/* End PBXSourcesBuildPhase section */

/* Begin XCBuildConfiguration section */
		AA2474701419631B0068B5F8 /* Debug */ = {
			isa = XCBuildConfiguration;
			buildSettings = {
			};
			name = Debug;
		};
		AA2474711419631B0068B5F8 /* Release */ = {
			isa = XCBuildConfiguration;
			buildSettings = {
			};
			name = Release;
		};
		AA2474731419631B0068B5F8 /* Debug */ = {
			isa = XCBuildConfiguration;
			buildSettings = {
				ALWAYS_SEARCH_USER_PATHS = NO;
				ARCHS = "$(ARCHS_STANDARD)";
				CLANG_CXX_LIBRARY = "libc++";
				DSTROOT = "$PROJECT_DIR/../../build/output/$(PLATFORM_NAME)";
				GCC_INLINES_ARE_PRIVATE_EXTERN = YES;
				GCC_SYMBOLS_PRIVATE_EXTERN = NO;
				HEADER_SEARCH_PATHS = (
					"../../../core/smartbody/steersuite-1.3/external",
					"../../../core/smartbody/steersuite-1.3/steerlib/include",
					"../../../core/smartbody/steersuite-1.3/pprAI/include",
				);
				INSTALL_PATH = /lib;
				IPHONEOS_DEPLOYMENT_TARGET = 10.0;
				PRODUCT_NAME = "$(TARGET_NAME)";
				SDKROOT = iphoneos;
				SYMROOT = $PROJECT_DIR/../../build/XCode;
				TARGETED_DEVICE_FAMILY = "1,2";
				VALID_ARCHS = "x86_64 arm64";
			};
			name = Debug;
		};
		AA2474741419631B0068B5F8 /* Release */ = {
			isa = XCBuildConfiguration;
			buildSettings = {
				ALWAYS_SEARCH_USER_PATHS = NO;
				ARCHS = "$(ARCHS_STANDARD)";
				CLANG_CXX_LIBRARY = "libc++";
				DSTROOT = "$PROJECT_DIR/../../build/output/$(PLATFORM_NAME)";
				GCC_INLINES_ARE_PRIVATE_EXTERN = YES;
				GCC_SYMBOLS_PRIVATE_EXTERN = NO;
				HEADER_SEARCH_PATHS = (
					"../../../core/smartbody/steersuite-1.3/external",
					"../../../core/smartbody/steersuite-1.3/steerlib/include",
					"../../../core/smartbody/steersuite-1.3/pprAI/include",
				);
				INSTALL_PATH = /lib;
				IPHONEOS_DEPLOYMENT_TARGET = 10.0;
				PRODUCT_NAME = "$(TARGET_NAME)";
				SDKROOT = iphoneos;
				SYMROOT = $PROJECT_DIR/../../build/XCode;
				TARGETED_DEVICE_FAMILY = "1,2";
				VALID_ARCHS = "x86_64 arm64";
			};
			name = Release;
		};
/* End XCBuildConfiguration section */

/* Begin XCConfigurationList section */
		AA2474621419631B0068B5F8 /* Build configuration list for PBXProject "SteerLib" */ = {
			isa = XCConfigurationList;
			buildConfigurations = (
				AA2474701419631B0068B5F8 /* Debug */,
				AA2474711419631B0068B5F8 /* Release */,
			);
			defaultConfigurationIsVisible = 0;
			defaultConfigurationName = Release;
		};
		AA2474721419631B0068B5F8 /* Build configuration list for PBXNativeTarget "SteerLib" */ = {
			isa = XCConfigurationList;
			buildConfigurations = (
				AA2474731419631B0068B5F8 /* Debug */,
				AA2474741419631B0068B5F8 /* Release */,
			);
			defaultConfigurationIsVisible = 0;
			defaultConfigurationName = Release;
		};
/* End XCConfigurationList section */
	};
	rootObject = AA24745F1419631B0068B5F8 /* Project object */;
}
